// !$*UTF8*$!
{
	archiveVersion = 1;
	classes = {
	};
	objectVersion = 51;
	objects = {

/* Begin PBXBuildFile section */
		0D818EE725F8A5EF00138319 /* DiscountViewController.swift in Sources */ = {isa = PBXBuildFile; fileRef = 0D818EE625F8A5EF00138319 /* DiscountViewController.swift */; };
		1882D51C2602093D004ADE94 /* MeVC.swift in Sources */ = {isa = PBXBuildFile; fileRef = 1882D51B2602093D004ADE94 /* MeVC.swift */; };
		6E6A173725F5FDDA00292D04 /* LaunchScreen.storyboard in Resources */ = {isa = PBXBuildFile; fileRef = 6E6A171E25F5FDDA00292D04 /* LaunchScreen.storyboard */; };
		6E6A173825F5FDDA00292D04 /* Main.storyboard in Resources */ = {isa = PBXBuildFile; fileRef = 6E6A172025F5FDDA00292D04 /* Main.storyboard */; };
		6E6A173925F5FDDA00292D04 /* AppDelegate.swift in Sources */ = {isa = PBXBuildFile; fileRef = 6E6A172225F5FDDA00292D04 /* AppDelegate.swift */; };
		6E6A173A25F5FDDA00292D04 /* HomeApi.swift in Sources */ = {isa = PBXBuildFile; fileRef = 6E6A172525F5FDDA00292D04 /* HomeApi.swift */; };
		6E6A173B25F5FDDA00292D04 /* HomeViewController.swift in Sources */ = {isa = PBXBuildFile; fileRef = 6E6A172925F5FDDA00292D04 /* HomeViewController.swift */; };
		6E6A173C25F5FDDA00292D04 /* TempUserModel.swift in Sources */ = {isa = PBXBuildFile; fileRef = 6E6A172B25F5FDDA00292D04 /* TempUserModel.swift */; };
		6E6A173D25F5FDDA00292D04 /* GameInfoModel.swift in Sources */ = {isa = PBXBuildFile; fileRef = 6E6A172C25F5FDDA00292D04 /* GameInfoModel.swift */; };
		6E6A173E25F5FDDA00292D04 /* HomeView.swift in Sources */ = {isa = PBXBuildFile; fileRef = 6E6A172E25F5FDDA00292D04 /* HomeView.swift */; };
		6E6A173F25F5FDDA00292D04 /* Assets.xcassets in Resources */ = {isa = PBXBuildFile; fileRef = 6E6A173025F5FDDA00292D04 /* Assets.xcassets */; };
		6E6A174025F5FDDA00292D04 /* User.xcassets in Resources */ = {isa = PBXBuildFile; fileRef = 6E6A173125F5FDDA00292D04 /* User.xcassets */; };
		6E6A174125F5FDDA00292D04 /* country-en.json in Resources */ = {isa = PBXBuildFile; fileRef = 6E6A173325F5FDDA00292D04 /* country-en.json */; };
		6E6A174225F5FDDA00292D04 /* country-zh.json in Resources */ = {isa = PBXBuildFile; fileRef = 6E6A173425F5FDDA00292D04 /* country-zh.json */; };
		6E6A174325F5FDDA00292D04 /* Common.xcassets in Resources */ = {isa = PBXBuildFile; fileRef = 6E6A173525F5FDDA00292D04 /* Common.xcassets */; };
		6E6A175625F5FFAC00292D04 /* Localizable.strings in Resources */ = {isa = PBXBuildFile; fileRef = 6E6A175425F5FFAC00292D04 /* Localizable.strings */; };
		6E7B30642611A5D300317BF5 /* UserApi.swift in Sources */ = {isa = PBXBuildFile; fileRef = 6E7B30632611A5D300317BF5 /* UserApi.swift */; };
		8465A46B26009D18005B24BF /* MyViewController.swift in Sources */ = {isa = PBXBuildFile; fileRef = 8465A46A26009D18005B24BF /* MyViewController.swift */; };
		C3CE9188EF505A4C6B14A845 /* Pods_richsdkdemo.framework in Frameworks */ = {isa = PBXBuildFile; fileRef = AADEABE8EF4222E87972BDB2 /* Pods_richsdkdemo.framework */; };
/* End PBXBuildFile section */

/* Begin PBXFileReference section */
		0D818EE625F8A5EF00138319 /* DiscountViewController.swift */ = {isa = PBXFileReference; lastKnownFileType = sourcecode.swift; path = DiscountViewController.swift; sourceTree = "<group>"; };
		1882D51B2602093D004ADE94 /* MeVC.swift */ = {isa = PBXFileReference; lastKnownFileType = sourcecode.swift; path = MeVC.swift; sourceTree = "<group>"; };
		5E898E57413613526F9883EB /* Pods-richsdkdemo.debug.xcconfig */ = {isa = PBXFileReference; includeInIndex = 1; lastKnownFileType = text.xcconfig; name = "Pods-richsdkdemo.debug.xcconfig"; path = "Target Support Files/Pods-richsdkdemo/Pods-richsdkdemo.debug.xcconfig"; sourceTree = "<group>"; };
		6E6A170325F5FD6500292D04 /* richsdkdemo.app */ = {isa = PBXFileReference; explicitFileType = wrapper.application; includeInIndex = 0; path = richsdkdemo.app; sourceTree = BUILT_PRODUCTS_DIR; };
		6E6A171425F5FD6600292D04 /* Info.plist */ = {isa = PBXFileReference; lastKnownFileType = text.plist.xml; path = Info.plist; sourceTree = "<group>"; };
		6E6A171F25F5FDDA00292D04 /* Base */ = {isa = PBXFileReference; lastKnownFileType = file.storyboard; name = Base; path = Base.lproj/LaunchScreen.storyboard; sourceTree = "<group>"; };
		6E6A172125F5FDDA00292D04 /* Base */ = {isa = PBXFileReference; lastKnownFileType = file.storyboard; name = Base; path = Base.lproj/Main.storyboard; sourceTree = "<group>"; };
		6E6A172225F5FDDA00292D04 /* AppDelegate.swift */ = {isa = PBXFileReference; fileEncoding = 4; lastKnownFileType = sourcecode.swift; path = AppDelegate.swift; sourceTree = "<group>"; };
		6E6A172525F5FDDA00292D04 /* HomeApi.swift */ = {isa = PBXFileReference; fileEncoding = 4; lastKnownFileType = sourcecode.swift; path = HomeApi.swift; sourceTree = "<group>"; };
		6E6A172925F5FDDA00292D04 /* HomeViewController.swift */ = {isa = PBXFileReference; fileEncoding = 4; lastKnownFileType = sourcecode.swift; path = HomeViewController.swift; sourceTree = "<group>"; };
		6E6A172B25F5FDDA00292D04 /* TempUserModel.swift */ = {isa = PBXFileReference; fileEncoding = 4; lastKnownFileType = sourcecode.swift; path = TempUserModel.swift; sourceTree = "<group>"; };
		6E6A172C25F5FDDA00292D04 /* GameInfoModel.swift */ = {isa = PBXFileReference; fileEncoding = 4; lastKnownFileType = sourcecode.swift; path = GameInfoModel.swift; sourceTree = "<group>"; };
		6E6A172E25F5FDDA00292D04 /* HomeView.swift */ = {isa = PBXFileReference; fileEncoding = 4; lastKnownFileType = sourcecode.swift; path = HomeView.swift; sourceTree = "<group>"; };
		6E6A173025F5FDDA00292D04 /* Assets.xcassets */ = {isa = PBXFileReference; lastKnownFileType = folder.assetcatalog; path = Assets.xcassets; sourceTree = "<group>"; };
		6E6A173125F5FDDA00292D04 /* User.xcassets */ = {isa = PBXFileReference; lastKnownFileType = folder.assetcatalog; path = User.xcassets; sourceTree = "<group>"; };
		6E6A173325F5FDDA00292D04 /* country-en.json */ = {isa = PBXFileReference; fileEncoding = 4; lastKnownFileType = text.json; path = "country-en.json"; sourceTree = "<group>"; };
		6E6A173425F5FDDA00292D04 /* country-zh.json */ = {isa = PBXFileReference; fileEncoding = 4; lastKnownFileType = text.json; path = "country-zh.json"; sourceTree = "<group>"; };
		6E6A173525F5FDDA00292D04 /* Common.xcassets */ = {isa = PBXFileReference; lastKnownFileType = folder.assetcatalog; path = Common.xcassets; sourceTree = "<group>"; };
		6E6A175525F5FFAC00292D04 /* en */ = {isa = PBXFileReference; lastKnownFileType = text.plist.strings; name = en; path = en.lproj/Localizable.strings; sourceTree = "<group>"; };
		6E6A175725F5FFB900292D04 /* zh-Hans */ = {isa = PBXFileReference; lastKnownFileType = text.plist.strings; name = "zh-Hans"; path = "zh-Hans.lproj/Localizable.strings"; sourceTree = "<group>"; };
		6E7B30632611A5D300317BF5 /* UserApi.swift */ = {isa = PBXFileReference; lastKnownFileType = sourcecode.swift; path = UserApi.swift; sourceTree = "<group>"; };
		8465A46A26009D18005B24BF /* MyViewController.swift */ = {isa = PBXFileReference; lastKnownFileType = sourcecode.swift; path = MyViewController.swift; sourceTree = "<group>"; };
		84EF3755263C134200B1159B /* vi */ = {isa = PBXFileReference; lastKnownFileType = text.plist.strings; name = vi; path = vi.lproj/LaunchScreen.strings; sourceTree = "<group>"; };
		84EF3756263C134200B1159B /* vi */ = {isa = PBXFileReference; lastKnownFileType = text.plist.strings; name = vi; path = vi.lproj/Main.strings; sourceTree = "<group>"; };
		84EF3757263C134200B1159B /* vi */ = {isa = PBXFileReference; lastKnownFileType = text.plist.strings; name = vi; path = vi.lproj/Localizable.strings; sourceTree = "<group>"; };
		AADEABE8EF4222E87972BDB2 /* Pods_richsdkdemo.framework */ = {isa = PBXFileReference; explicitFileType = wrapper.framework; includeInIndex = 0; path = Pods_richsdkdemo.framework; sourceTree = BUILT_PRODUCTS_DIR; };
		E2805298DBF527B0B62EE1FC /* Pods-richsdkdemo.release.xcconfig */ = {isa = PBXFileReference; includeInIndex = 1; lastKnownFileType = text.xcconfig; name = "Pods-richsdkdemo.release.xcconfig"; path = "Target Support Files/Pods-richsdkdemo/Pods-richsdkdemo.release.xcconfig"; sourceTree = "<group>"; };
/* End PBXFileReference section */

/* Begin PBXFrameworksBuildPhase section */
		6E6A170025F5FD6500292D04 /* Frameworks */ = {
			isa = PBXFrameworksBuildPhase;
			buildActionMask = 2147483647;
			files = (
				C3CE9188EF505A4C6B14A845 /* Pods_richsdkdemo.framework in Frameworks */,
			);
			runOnlyForDeploymentPostprocessing = 0;
		};
/* End PBXFrameworksBuildPhase section */

/* Begin PBXGroup section */
		0D2154296A0FCBA65E8A312C /* Pods */ = {
			isa = PBXGroup;
			children = (
				5E898E57413613526F9883EB /* Pods-richsdkdemo.debug.xcconfig */,
				E2805298DBF527B0B62EE1FC /* Pods-richsdkdemo.release.xcconfig */,
			);
			name = Pods;
			path = ../Pods;
			sourceTree = "<group>";
		};
		1882D51926020911004ADE94 /* Me */ = {
			isa = PBXGroup;
			children = (
				1882D51A26020921004ADE94 /* Controller */,
			);
			path = Me;
			sourceTree = "<group>";
		};
		1882D51A26020921004ADE94 /* Controller */ = {
			isa = PBXGroup;
			children = (
				1882D51B2602093D004ADE94 /* MeVC.swift */,
			);
			path = Controller;
			sourceTree = "<group>";
		};
		6E6A16FA25F5FD6500292D04 = {
			isa = PBXGroup;
			children = (
				6E6A170525F5FD6500292D04 /* richsdkdemo */,
				6E6A170425F5FD6500292D04 /* Products */,
				6E6A174F25F5FF3D00292D04 /* Frameworks */,
				0D2154296A0FCBA65E8A312C /* Pods */,
				6E6A17B525F60CAA00292D04 /* Recovered References */,
			);
			sourceTree = "<group>";
		};
		6E6A170425F5FD6500292D04 /* Products */ = {
			isa = PBXGroup;
			children = (
				6E6A170325F5FD6500292D04 /* richsdkdemo.app */,
			);
			name = Products;
			sourceTree = "<group>";
		};
		6E6A170525F5FD6500292D04 /* richsdkdemo */ = {
			isa = PBXGroup;
			children = (
				6E6A172325F5FDDA00292D04 /* Api */,
				6E6A172725F5FDDA00292D04 /* Home */,
				1882D51926020911004ADE94 /* Me */,
				6E6A171D25F5FDDA00292D04 /* Entry */,
				6E6A172F25F5FDDA00292D04 /* Resources */,
				6E6A171425F5FD6600292D04 /* Info.plist */,
				6E6A175425F5FFAC00292D04 /* Localizable.strings */,
			);
			path = richsdkdemo;
			sourceTree = "<group>";
		};
		6E6A171D25F5FDDA00292D04 /* Entry */ = {
			isa = PBXGroup;
			children = (
				6E6A171E25F5FDDA00292D04 /* LaunchScreen.storyboard */,
				6E6A172025F5FDDA00292D04 /* Main.storyboard */,
				6E6A172225F5FDDA00292D04 /* AppDelegate.swift */,
			);
			path = Entry;
			sourceTree = "<group>";
		};
		6E6A172325F5FDDA00292D04 /* Api */ = {
			isa = PBXGroup;
			children = (
				6E6A172425F5FDDA00292D04 /* HomeApi */,
			);
			path = Api;
			sourceTree = "<group>";
		};
		6E6A172425F5FDDA00292D04 /* HomeApi */ = {
			isa = PBXGroup;
			children = (
				6E6A172525F5FDDA00292D04 /* HomeApi.swift */,
				6E7B30632611A5D300317BF5 /* UserApi.swift */,
			);
			path = HomeApi;
			sourceTree = "<group>";
		};
		6E6A172725F5FDDA00292D04 /* Home */ = {
			isa = PBXGroup;
			children = (
				6E6A172825F5FDDA00292D04 /* Controller */,
				6E6A172A25F5FDDA00292D04 /* Model */,
				6E6A172D25F5FDDA00292D04 /* View */,
			);
			path = Home;
			sourceTree = "<group>";
		};
		6E6A172825F5FDDA00292D04 /* Controller */ = {
			isa = PBXGroup;
			children = (
				6E6A172925F5FDDA00292D04 /* HomeViewController.swift */,
				0D818EE625F8A5EF00138319 /* DiscountViewController.swift */,
				8465A46A26009D18005B24BF /* MyViewController.swift */,
			);
			path = Controller;
			sourceTree = "<group>";
		};
		6E6A172A25F5FDDA00292D04 /* Model */ = {
			isa = PBXGroup;
			children = (
				6E6A172B25F5FDDA00292D04 /* TempUserModel.swift */,
				6E6A172C25F5FDDA00292D04 /* GameInfoModel.swift */,
			);
			path = Model;
			sourceTree = "<group>";
		};
		6E6A172D25F5FDDA00292D04 /* View */ = {
			isa = PBXGroup;
			children = (
				6E6A172E25F5FDDA00292D04 /* HomeView.swift */,
			);
			path = View;
			sourceTree = "<group>";
		};
		6E6A172F25F5FDDA00292D04 /* Resources */ = {
			isa = PBXGroup;
			children = (
				6E6A173025F5FDDA00292D04 /* Assets.xcassets */,
				6E6A173125F5FDDA00292D04 /* User.xcassets */,
				6E6A173225F5FDDA00292D04 /* json */,
				6E6A173525F5FDDA00292D04 /* Common.xcassets */,
				6E6A173625F5FDDA00292D04 /* fonts */,
			);
			path = Resources;
			sourceTree = "<group>";
		};
		6E6A173225F5FDDA00292D04 /* json */ = {
			isa = PBXGroup;
			children = (
				6E6A173325F5FDDA00292D04 /* country-en.json */,
				6E6A173425F5FDDA00292D04 /* country-zh.json */,
			);
			path = json;
			sourceTree = "<group>";
		};
		6E6A173625F5FDDA00292D04 /* fonts */ = {
			isa = PBXGroup;
			children = (
			);
			path = fonts;
			sourceTree = "<group>";
		};
		6E6A174F25F5FF3D00292D04 /* Frameworks */ = {
			isa = PBXGroup;
			children = (
				AADEABE8EF4222E87972BDB2 /* Pods_richsdkdemo.framework */,
			);
			name = Frameworks;
			sourceTree = "<group>";
		};
		6E6A17B525F60CAA00292D04 /* Recovered References */ = {
			isa = PBXGroup;
			children = (
			);
			name = "Recovered References";
			sourceTree = "<group>";
		};
/* End PBXGroup section */

/* Begin PBXNativeTarget section */
		6E6A170225F5FD6500292D04 /* richsdkdemo */ = {
			isa = PBXNativeTarget;
			buildConfigurationList = 6E6A171725F5FD6600292D04 /* Build configuration list for PBXNativeTarget "richsdkdemo" */;
			buildPhases = (
				0903DE71F8B89510CCB4C013 /* [CP] Check Pods Manifest.lock */,
				6E6A16FF25F5FD6500292D04 /* Sources */,
				6E6A170025F5FD6500292D04 /* Frameworks */,
				6E6A170125F5FD6500292D04 /* Resources */,
				FF786EC28E440DA330D057CC /* [CP] Embed Pods Frameworks */,
			);
			buildRules = (
			);
			dependencies = (
			);
			name = richsdkdemo;
			productName = ymsdkdemo;
			productReference = 6E6A170325F5FD6500292D04 /* richsdkdemo.app */;
			productType = "com.apple.product-type.application";
		};
/* End PBXNativeTarget section */

/* Begin PBXProject section */
		6E6A16FB25F5FD6500292D04 /* Project object */ = {
			isa = PBXProject;
			attributes = {
				LastSwiftUpdateCheck = 1230;
				LastUpgradeCheck = 1230;
				TargetAttributes = {
					6E6A170225F5FD6500292D04 = {
						CreatedOnToolsVersion = 12.3;
					};
				};
			};
			buildConfigurationList = 6E6A16FE25F5FD6500292D04 /* Build configuration list for PBXProject "richsdkdemo" */;
			compatibilityVersion = "Xcode 9.3";
			developmentRegion = en;
			hasScannedForEncodings = 0;
			knownRegions = (
				en,
				Base,
				"zh-Hans",
				vi,
			);
			mainGroup = 6E6A16FA25F5FD6500292D04;
			productRefGroup = 6E6A170425F5FD6500292D04 /* Products */;
			projectDirPath = "";
			projectRoot = "";
			targets = (
				6E6A170225F5FD6500292D04 /* richsdkdemo */,
			);
		};
/* End PBXProject section */

/* Begin PBXResourcesBuildPhase section */
		6E6A170125F5FD6500292D04 /* Resources */ = {
			isa = PBXResourcesBuildPhase;
			buildActionMask = 2147483647;
			files = (
				6E6A174325F5FDDA00292D04 /* Common.xcassets in Resources */,
				6E6A174225F5FDDA00292D04 /* country-zh.json in Resources */,
				6E6A173825F5FDDA00292D04 /* Main.storyboard in Resources */,
				6E6A173725F5FDDA00292D04 /* LaunchScreen.storyboard in Resources */,
				6E6A174125F5FDDA00292D04 /* country-en.json in Resources */,
				6E6A175625F5FFAC00292D04 /* Localizable.strings in Resources */,
				6E6A174025F5FDDA00292D04 /* User.xcassets in Resources */,
				6E6A173F25F5FDDA00292D04 /* Assets.xcassets in Resources */,
			);
			runOnlyForDeploymentPostprocessing = 0;
		};
/* End PBXResourcesBuildPhase section */

/* Begin PBXShellScriptBuildPhase section */
		0903DE71F8B89510CCB4C013 /* [CP] Check Pods Manifest.lock */ = {
			isa = PBXShellScriptBuildPhase;
			buildActionMask = 2147483647;
			files = (
			);
			inputFileListPaths = (
			);
			inputPaths = (
				"${PODS_PODFILE_DIR_PATH}/Podfile.lock",
				"${PODS_ROOT}/Manifest.lock",
			);
			name = "[CP] Check Pods Manifest.lock";
			outputFileListPaths = (
			);
			outputPaths = (
				"$(DERIVED_FILE_DIR)/Pods-richsdkdemo-checkManifestLockResult.txt",
			);
			runOnlyForDeploymentPostprocessing = 0;
			shellPath = /bin/sh;
			shellScript = "diff \"${PODS_PODFILE_DIR_PATH}/Podfile.lock\" \"${PODS_ROOT}/Manifest.lock\" > /dev/null\nif [ $? != 0 ] ; then\n    # print error to STDERR\n    echo \"error: The sandbox is not in sync with the Podfile.lock. Run 'pod install' or update your CocoaPods installation.\" >&2\n    exit 1\nfi\n# This output is used by Xcode 'outputs' to avoid re-running this script phase.\necho \"SUCCESS\" > \"${SCRIPT_OUTPUT_FILE_0}\"\n";
			showEnvVarsInLog = 0;
		};
		FF786EC28E440DA330D057CC /* [CP] Embed Pods Frameworks */ = {
			isa = PBXShellScriptBuildPhase;
			buildActionMask = 2147483647;
			files = (
			);
			inputFileListPaths = (
				"${PODS_ROOT}/Target Support Files/Pods-richsdkdemo/Pods-richsdkdemo-frameworks-${CONFIGURATION}-input-files.xcfilelist",
			);
			name = "[CP] Embed Pods Frameworks";
			outputFileListPaths = (
				"${PODS_ROOT}/Target Support Files/Pods-richsdkdemo/Pods-richsdkdemo-frameworks-${CONFIGURATION}-output-files.xcfilelist",
			);
			runOnlyForDeploymentPostprocessing = 0;
			shellPath = /bin/sh;
			shellScript = "\"${PODS_ROOT}/Target Support Files/Pods-richsdkdemo/Pods-richsdkdemo-frameworks.sh\"\n";
			showEnvVarsInLog = 0;
		};
/* End PBXShellScriptBuildPhase section */

/* Begin PBXSourcesBuildPhase section */
		6E6A16FF25F5FD6500292D04 /* Sources */ = {
			isa = PBXSourcesBuildPhase;
			buildActionMask = 2147483647;
			files = (
				1882D51C2602093D004ADE94 /* MeVC.swift in Sources */,
				6E7B30642611A5D300317BF5 /* UserApi.swift in Sources */,
				0D818EE725F8A5EF00138319 /* DiscountViewController.swift in Sources */,
				6E6A173C25F5FDDA00292D04 /* TempUserModel.swift in Sources */,
				6E6A173925F5FDDA00292D04 /* AppDelegate.swift in Sources */,
				6E6A173A25F5FDDA00292D04 /* HomeApi.swift in Sources */,
				6E6A173E25F5FDDA00292D04 /* HomeView.swift in Sources */,
				6E6A173B25F5FDDA00292D04 /* HomeViewController.swift in Sources */,
				8465A46B26009D18005B24BF /* MyViewController.swift in Sources */,
				6E6A173D25F5FDDA00292D04 /* GameInfoModel.swift in Sources */,
			);
			runOnlyForDeploymentPostprocessing = 0;
		};
/* End PBXSourcesBuildPhase section */

/* Begin PBXVariantGroup section */
		6E6A171E25F5FDDA00292D04 /* LaunchScreen.storyboard */ = {
			isa = PBXVariantGroup;
			children = (
				6E6A171F25F5FDDA00292D04 /* Base */,
				84EF3755263C134200B1159B /* vi */,
			);
			name = LaunchScreen.storyboard;
			sourceTree = "<group>";
		};
		6E6A172025F5FDDA00292D04 /* Main.storyboard */ = {
			isa = PBXVariantGroup;
			children = (
				6E6A172125F5FDDA00292D04 /* Base */,
				84EF3756263C134200B1159B /* vi */,
			);
			name = Main.storyboard;
			sourceTree = "<group>";
		};
		6E6A175425F5FFAC00292D04 /* Localizable.strings */ = {
			isa = PBXVariantGroup;
			children = (
				6E6A175525F5FFAC00292D04 /* en */,
				6E6A175725F5FFB900292D04 /* zh-Hans */,
				84EF3757263C134200B1159B /* vi */,
			);
			name = Localizable.strings;
			sourceTree = "<group>";
		};
/* End PBXVariantGroup section */

/* Begin XCBuildConfiguration section */
		6E6A171525F5FD6600292D04 /* Debug */ = {
			isa = XCBuildConfiguration;
			buildSettings = {
				ALWAYS_SEARCH_USER_PATHS = NO;
				CLANG_ANALYZER_NONNULL = YES;
				CLANG_ANALYZER_NUMBER_OBJECT_CONVERSION = YES_AGGRESSIVE;
				CLANG_CXX_LANGUAGE_STANDARD = "gnu++14";
				CLANG_CXX_LIBRARY = "libc++";
				CLANG_ENABLE_MODULES = YES;
				CLANG_ENABLE_OBJC_ARC = YES;
				CLANG_ENABLE_OBJC_WEAK = YES;
				CLANG_WARN_BLOCK_CAPTURE_AUTORELEASING = YES;
				CLANG_WARN_BOOL_CONVERSION = YES;
				CLANG_WARN_COMMA = YES;
				CLANG_WARN_CONSTANT_CONVERSION = YES;
				CLANG_WARN_DEPRECATED_OBJC_IMPLEMENTATIONS = YES;
				CLANG_WARN_DIRECT_OBJC_ISA_USAGE = YES_ERROR;
				CLANG_WARN_DOCUMENTATION_COMMENTS = YES;
				CLANG_WARN_EMPTY_BODY = YES;
				CLANG_WARN_ENUM_CONVERSION = YES;
				CLANG_WARN_INFINITE_RECURSION = YES;
				CLANG_WARN_INT_CONVERSION = YES;
				CLANG_WARN_NON_LITERAL_NULL_CONVERSION = YES;
				CLANG_WARN_OBJC_IMPLICIT_RETAIN_SELF = YES;
				CLANG_WARN_OBJC_LITERAL_CONVERSION = YES;
				CLANG_WARN_OBJC_ROOT_CLASS = YES_ERROR;
				CLANG_WARN_QUOTED_INCLUDE_IN_FRAMEWORK_HEADER = YES;
				CLANG_WARN_RANGE_LOOP_ANALYSIS = YES;
				CLANG_WARN_STRICT_PROTOTYPES = YES;
				CLANG_WARN_SUSPICIOUS_MOVE = YES;
				CLANG_WARN_UNGUARDED_AVAILABILITY = YES_AGGRESSIVE;
				CLANG_WARN_UNREACHABLE_CODE = YES;
				CLANG_WARN__DUPLICATE_METHOD_MATCH = YES;
				COPY_PHASE_STRIP = NO;
				DEBUG_INFORMATION_FORMAT = dwarf;
				ENABLE_STRICT_OBJC_MSGSEND = YES;
				ENABLE_TESTABILITY = YES;
				GCC_C_LANGUAGE_STANDARD = gnu11;
				GCC_DYNAMIC_NO_PIC = NO;
				GCC_NO_COMMON_BLOCKS = YES;
				GCC_OPTIMIZATION_LEVEL = 0;
				GCC_PREPROCESSOR_DEFINITIONS = (
					"DEBUG=1",
					"$(inherited)",
				);
				GCC_WARN_64_TO_32_BIT_CONVERSION = YES;
				GCC_WARN_ABOUT_RETURN_TYPE = YES_ERROR;
				GCC_WARN_UNDECLARED_SELECTOR = YES;
				GCC_WARN_UNINITIALIZED_AUTOS = YES_AGGRESSIVE;
				GCC_WARN_UNUSED_FUNCTION = YES;
				GCC_WARN_UNUSED_VARIABLE = YES;
				IPHONEOS_DEPLOYMENT_TARGET = 11.0;
				MTL_ENABLE_DEBUG_INFO = INCLUDE_SOURCE;
				MTL_FAST_MATH = YES;
				ONLY_ACTIVE_ARCH = YES;
				SDKROOT = iphoneos;
				SWIFT_ACTIVE_COMPILATION_CONDITIONS = DEBUG;
				SWIFT_OPTIMIZATION_LEVEL = "-Onone";
			};
			name = Debug;
		};
		6E6A171625F5FD6600292D04 /* Release */ = {
			isa = XCBuildConfiguration;
			buildSettings = {
				ALWAYS_SEARCH_USER_PATHS = NO;
				CLANG_ANALYZER_NONNULL = YES;
				CLANG_ANALYZER_NUMBER_OBJECT_CONVERSION = YES_AGGRESSIVE;
				CLANG_CXX_LANGUAGE_STANDARD = "gnu++14";
				CLANG_CXX_LIBRARY = "libc++";
				CLANG_ENABLE_MODULES = YES;
				CLANG_ENABLE_OBJC_ARC = YES;
				CLANG_ENABLE_OBJC_WEAK = YES;
				CLANG_WARN_BLOCK_CAPTURE_AUTORELEASING = YES;
				CLANG_WARN_BOOL_CONVERSION = YES;
				CLANG_WARN_COMMA = YES;
				CLANG_WARN_CONSTANT_CONVERSION = YES;
				CLANG_WARN_DEPRECATED_OBJC_IMPLEMENTATIONS = YES;
				CLANG_WARN_DIRECT_OBJC_ISA_USAGE = YES_ERROR;
				CLANG_WARN_DOCUMENTATION_COMMENTS = YES;
				CLANG_WARN_EMPTY_BODY = YES;
				CLANG_WARN_ENUM_CONVERSION = YES;
				CLANG_WARN_INFINITE_RECURSION = YES;
				CLANG_WARN_INT_CONVERSION = YES;
				CLANG_WARN_NON_LITERAL_NULL_CONVERSION = YES;
				CLANG_WARN_OBJC_IMPLICIT_RETAIN_SELF = YES;
				CLANG_WARN_OBJC_LITERAL_CONVERSION = YES;
				CLANG_WARN_OBJC_ROOT_CLASS = YES_ERROR;
				CLANG_WARN_QUOTED_INCLUDE_IN_FRAMEWORK_HEADER = YES;
				CLANG_WARN_RANGE_LOOP_ANALYSIS = YES;
				CLANG_WARN_STRICT_PROTOTYPES = YES;
				CLANG_WARN_SUSPICIOUS_MOVE = YES;
				CLANG_WARN_UNGUARDED_AVAILABILITY = YES_AGGRESSIVE;
				CLANG_WARN_UNREACHABLE_CODE = YES;
				CLANG_WARN__DUPLICATE_METHOD_MATCH = YES;
				COPY_PHASE_STRIP = NO;
				DEBUG_INFORMATION_FORMAT = "dwarf-with-dsym";
				ENABLE_NS_ASSERTIONS = NO;
				ENABLE_STRICT_OBJC_MSGSEND = YES;
				GCC_C_LANGUAGE_STANDARD = gnu11;
				GCC_NO_COMMON_BLOCKS = YES;
				GCC_WARN_64_TO_32_BIT_CONVERSION = YES;
				GCC_WARN_ABOUT_RETURN_TYPE = YES_ERROR;
				GCC_WARN_UNDECLARED_SELECTOR = YES;
				GCC_WARN_UNINITIALIZED_AUTOS = YES_AGGRESSIVE;
				GCC_WARN_UNUSED_FUNCTION = YES;
				GCC_WARN_UNUSED_VARIABLE = YES;
				IPHONEOS_DEPLOYMENT_TARGET = 11.0;
				MTL_ENABLE_DEBUG_INFO = NO;
				MTL_FAST_MATH = YES;
				SDKROOT = iphoneos;
				SWIFT_COMPILATION_MODE = wholemodule;
				SWIFT_OPTIMIZATION_LEVEL = "-O";
				VALIDATE_PRODUCT = YES;
			};
			name = Release;
		};
		6E6A171825F5FD6600292D04 /* Debug */ = {
			isa = XCBuildConfiguration;
			baseConfigurationReference = 5E898E57413613526F9883EB /* Pods-richsdkdemo.debug.xcconfig */;
			buildSettings = {
				ASSETCATALOG_COMPILER_APPICON_NAME = AppIcon;
				ASSETCATALOG_COMPILER_GLOBAL_ACCENT_COLOR_NAME = AccentColor;
				CODE_SIGN_STYLE = Automatic;
				CURRENT_PROJECT_VERSION = 20;
				DEVELOPMENT_TEAM = "";
				INFOPLIST_FILE = richsdkdemo/Info.plist;
				LD_RUNPATH_SEARCH_PATHS = (
					"$(inherited)",
					"@executable_path/Frameworks",
				);
				MARKETING_VERSION = 1.2.0;
				PRODUCT_BUNDLE_IDENTIFIER = com.rich.richsdkdemo;
				PRODUCT_NAME = "$(TARGET_NAME)";
				SWIFT_VERSION = 5.0;
				TARGETED_DEVICE_FAMILY = "1,2";
			};
			name = Debug;
		};
		6E6A171925F5FD6600292D04 /* Release */ = {
			isa = XCBuildConfiguration;
			baseConfigurationReference = E2805298DBF527B0B62EE1FC /* Pods-richsdkdemo.release.xcconfig */;
			buildSettings = {
				ASSETCATALOG_COMPILER_APPICON_NAME = AppIcon;
				ASSETCATALOG_COMPILER_GLOBAL_ACCENT_COLOR_NAME = AccentColor;
				CODE_SIGN_STYLE = Automatic;
				CURRENT_PROJECT_VERSION = 20;
				DEVELOPMENT_TEAM = "";
				INFOPLIST_FILE = richsdkdemo/Info.plist;
				LD_RUNPATH_SEARCH_PATHS = (
					"$(inherited)",
					"@executable_path/Frameworks",
				);
				MARKETING_VERSION = 1.2.0;
				PRODUCT_BUNDLE_IDENTIFIER = com.rich.richsdkdemo;
				PRODUCT_NAME = "$(TARGET_NAME)";
				SWIFT_VERSION = 5.0;
				TARGETED_DEVICE_FAMILY = "1,2";
			};
			name = Release;
		};
/* End XCBuildConfiguration section */

/* Begin XCConfigurationList section */
		6E6A16FE25F5FD6500292D04 /* Build configuration list for PBXProject "richsdkdemo" */ = {
			isa = XCConfigurationList;
			buildConfigurations = (
				6E6A171525F5FD6600292D04 /* Debug */,
				6E6A171625F5FD6600292D04 /* Release */,
			);
			defaultConfigurationIsVisible = 0;
			defaultConfigurationName = Release;
		};
		6E6A171725F5FD6600292D04 /* Build configuration list for PBXNativeTarget "richsdkdemo" */ = {
			isa = XCConfigurationList;
			buildConfigurations = (
				6E6A171825F5FD6600292D04 /* Debug */,
				6E6A171925F5FD6600292D04 /* Release */,
			);
			defaultConfigurationIsVisible = 0;
			defaultConfigurationName = Release;
		};
/* End XCConfigurationList section */
	};
	rootObject = 6E6A16FB25F5FD6500292D04 /* Project object */;
}
